
Microsoft Visual Studio Solution File, Format Version 12.00
# Visual Studio Version 16
VisualStudioVersion = 16.0.31019.35
MinimumVisualStudioVersion = 10.0.40219.1
Project("{FAE04EC0-301F-11D3-BF4B-00C04F79EFBC}") = "AngularFileUploadDemo", "AngularFileUploadDemo.csproj", "{5E85F1CA-9BE5-43EE-A6AF-41F258E944E3}"
EndProject
Global
	GlobalSection(SolutionConfigurationPlatforms) = preSolution
		Debug|Any CPU = Debug|Any CPU
		Release|Any CPU = Release|Any CPU
	EndGlobalSection
	GlobalSection(ProjectConfigurationPlatforms) = postSolution
		{5E85F1CA-9BE5-43EE-A6AF-41F258E944E3}.Debug|Any CPU.ActiveCfg = Debug|Any CPU
		{5E85F1CA-9BE5-43EE-A6AF-41F258E944E3}.Debug|Any CPU.Build.0 = Debug|Any CPU
		{5E85F1CA-9BE5-43EE-A6AF-41F258E944E3}.Release|Any CPU.ActiveCfg = Release|Any CPU
		{5E85F1CA-9BE5-43EE-A6AF-41F258E944E3}.Release|Any CPU.Build.0 = Release|Any CPU
	EndGlobalSection
	GlobalSection(SolutionProperties) = preSolution
		HideSolutionNode = FALSE
	EndGlobalSection
	GlobalSection(ExtensibilityGlobals) = postSolution
		SolutionGuid = {852AD397-C2D1-44D0-AF7E-5CC2A2DFA176}
	EndGlobalSection
EndGlobal
